
Microsoft Visual Studio Solution File, Format Version 12.00
# Visual Studio Version 17
VisualStudioVersion = 17.5.2.0
MinimumVisualStudioVersion = 10.0.40219.1
Project("{FAE04EC0-301F-11D3-BF4B-00C04F79EFBC}") = "WebAPI", "WebAPI\WebAPI.csproj", "{CEBBE0EA-24CB-4B4E-B80F-7E9B85CA624F}"
EndProject
Project("{2150E333-8FDC-42A3-9474-1A3956D46DE8}") = "tests", "tests", "{0AB3BF05-4346-4AA6-1389-037BE0695223}"
EndProject
Project("{FAE04EC0-301F-11D3-BF4B-00C04F79EFBC}") = "WebAPI.IntegrationTests", "tests\WebAPI.IntegrationTests\WebAPI.IntegrationTests.csproj", "{F3B27C56-BF78-4AD9-954E-1ED31BB8AEF2}"
EndProject
Project("{FAE04EC0-301F-11D3-BF4B-00C04F79EFBC}") = "WebAPI.Stresstests", "tests\WebAPI.Stresstests\WebAPI.Stresstests.csproj", "{EDD93EE1-95B7-42FF-87C0-AB74EC204888}"
EndProject
Global
	GlobalSection(SolutionConfigurationPlatforms) = preSolution
		Debug|Any CPU = Debug|Any CPU
		Debug|x64 = Debug|x64
		Debug|x86 = Debug|x86
		Release|Any CPU = Release|Any CPU
		Release|x64 = Release|x64
		Release|x86 = Release|x86
	EndGlobalSection
	GlobalSection(ProjectConfigurationPlatforms) = postSolution
		{CEBBE0EA-24CB-4B4E-B80F-7E9B85CA624F}.Debug|Any CPU.ActiveCfg = Debug|Any CPU
		{CEBBE0EA-24CB-4B4E-B80F-7E9B85CA624F}.Debug|Any CPU.Build.0 = Debug|Any CPU
		{CEBBE0EA-24CB-4B4E-B80F-7E9B85CA624F}.Debug|x64.ActiveCfg = Debug|Any CPU
		{CEBBE0EA-24CB-4B4E-B80F-7E9B85CA624F}.Debug|x64.Build.0 = Debug|Any CPU
		{CEBBE0EA-24CB-4B4E-B80F-7E9B85CA624F}.Debug|x86.ActiveCfg = Debug|Any CPU
		{CEBBE0EA-24CB-4B4E-B80F-7E9B85CA624F}.Debug|x86.Build.0 = Debug|Any CPU
		{CEBBE0EA-24CB-4B4E-B80F-7E9B85CA624F}.Release|Any CPU.ActiveCfg = Release|Any CPU
		{CEBBE0EA-24CB-4B4E-B80F-7E9B85CA624F}.Release|Any CPU.Build.0 = Release|Any CPU
		{CEBBE0EA-24CB-4B4E-B80F-7E9B85CA624F}.Release|x64.ActiveCfg = Release|Any CPU
		{CEBBE0EA-24CB-4B4E-B80F-7E9B85CA624F}.Release|x64.Build.0 = Release|Any CPU
		{CEBBE0EA-24CB-4B4E-B80F-7E9B85CA624F}.Release|x86.ActiveCfg = Release|Any CPU
		{CEBBE0EA-24CB-4B4E-B80F-7E9B85CA624F}.Release|x86.Build.0 = Release|Any CPU
<<<<<<< HEAD
		{F3B27C56-BF78-4AD9-954E-1ED31BB8AEF2}.Debug|Any CPU.ActiveCfg = Debug|Any CPU
		{F3B27C56-BF78-4AD9-954E-1ED31BB8AEF2}.Debug|Any CPU.Build.0 = Debug|Any CPU
		{F3B27C56-BF78-4AD9-954E-1ED31BB8AEF2}.Debug|x64.ActiveCfg = Debug|Any CPU
		{F3B27C56-BF78-4AD9-954E-1ED31BB8AEF2}.Debug|x64.Build.0 = Debug|Any CPU
		{F3B27C56-BF78-4AD9-954E-1ED31BB8AEF2}.Debug|x86.ActiveCfg = Debug|Any CPU
		{F3B27C56-BF78-4AD9-954E-1ED31BB8AEF2}.Debug|x86.Build.0 = Debug|Any CPU
		{F3B27C56-BF78-4AD9-954E-1ED31BB8AEF2}.Release|Any CPU.ActiveCfg = Release|Any CPU
		{F3B27C56-BF78-4AD9-954E-1ED31BB8AEF2}.Release|Any CPU.Build.0 = Release|Any CPU
		{F3B27C56-BF78-4AD9-954E-1ED31BB8AEF2}.Release|x64.ActiveCfg = Release|Any CPU
		{F3B27C56-BF78-4AD9-954E-1ED31BB8AEF2}.Release|x64.Build.0 = Release|Any CPU
		{F3B27C56-BF78-4AD9-954E-1ED31BB8AEF2}.Release|x86.ActiveCfg = Release|Any CPU
		{F3B27C56-BF78-4AD9-954E-1ED31BB8AEF2}.Release|x86.Build.0 = Release|Any CPU
		{EDD93EE1-95B7-42FF-87C0-AB74EC204888}.Debug|Any CPU.ActiveCfg = Debug|Any CPU
		{EDD93EE1-95B7-42FF-87C0-AB74EC204888}.Debug|Any CPU.Build.0 = Debug|Any CPU
		{EDD93EE1-95B7-42FF-87C0-AB74EC204888}.Debug|x64.ActiveCfg = Debug|Any CPU
		{EDD93EE1-95B7-42FF-87C0-AB74EC204888}.Debug|x64.Build.0 = Debug|Any CPU
		{EDD93EE1-95B7-42FF-87C0-AB74EC204888}.Debug|x86.ActiveCfg = Debug|Any CPU
		{EDD93EE1-95B7-42FF-87C0-AB74EC204888}.Debug|x86.Build.0 = Debug|Any CPU
		{EDD93EE1-95B7-42FF-87C0-AB74EC204888}.Release|Any CPU.ActiveCfg = Release|Any CPU
		{EDD93EE1-95B7-42FF-87C0-AB74EC204888}.Release|Any CPU.Build.0 = Release|Any CPU
		{EDD93EE1-95B7-42FF-87C0-AB74EC204888}.Release|x64.ActiveCfg = Release|Any CPU
		{EDD93EE1-95B7-42FF-87C0-AB74EC204888}.Release|x64.Build.0 = Release|Any CPU
		{EDD93EE1-95B7-42FF-87C0-AB74EC204888}.Release|x86.ActiveCfg = Release|Any CPU
		{EDD93EE1-95B7-42FF-87C0-AB74EC204888}.Release|x86.Build.0 = Release|Any CPU
=======
		{F90AC99D-9FFD-4EB1-A8F5-F5D2494D1802}.Debug|Any CPU.ActiveCfg = Debug|Any CPU
		{F90AC99D-9FFD-4EB1-A8F5-F5D2494D1802}.Debug|Any CPU.Build.0 = Debug|Any CPU
		{F90AC99D-9FFD-4EB1-A8F5-F5D2494D1802}.Debug|x64.ActiveCfg = Debug|Any CPU
		{F90AC99D-9FFD-4EB1-A8F5-F5D2494D1802}.Debug|x64.Build.0 = Debug|Any CPU
		{F90AC99D-9FFD-4EB1-A8F5-F5D2494D1802}.Debug|x86.ActiveCfg = Debug|Any CPU
		{F90AC99D-9FFD-4EB1-A8F5-F5D2494D1802}.Debug|x86.Build.0 = Debug|Any CPU
		{F90AC99D-9FFD-4EB1-A8F5-F5D2494D1802}.Release|Any CPU.ActiveCfg = Release|Any CPU
		{F90AC99D-9FFD-4EB1-A8F5-F5D2494D1802}.Release|Any CPU.Build.0 = Release|Any CPU
		{F90AC99D-9FFD-4EB1-A8F5-F5D2494D1802}.Release|x64.ActiveCfg = Release|Any CPU
		{F90AC99D-9FFD-4EB1-A8F5-F5D2494D1802}.Release|x64.Build.0 = Release|Any CPU
		{F90AC99D-9FFD-4EB1-A8F5-F5D2494D1802}.Release|x86.ActiveCfg = Release|Any CPU
		{F90AC99D-9FFD-4EB1-A8F5-F5D2494D1802}.Release|x86.Build.0 = Release|Any CPU
>>>>>>> 1088924d5f2b2cee3e1b13e6ae4a97def60fba77
	EndGlobalSection
	GlobalSection(SolutionProperties) = preSolution
		HideSolutionNode = FALSE
	EndGlobalSection
	GlobalSection(NestedProjects) = preSolution
<<<<<<< HEAD
		{F3B27C56-BF78-4AD9-954E-1ED31BB8AEF2} = {0AB3BF05-4346-4AA6-1389-037BE0695223}
		{EDD93EE1-95B7-42FF-87C0-AB74EC204888} = {0AB3BF05-4346-4AA6-1389-037BE0695223}
=======
		{F90AC99D-9FFD-4EB1-A8F5-F5D2494D1802} = {0AB3BF05-4346-4AA6-1389-037BE0695223}
>>>>>>> 1088924d5f2b2cee3e1b13e6ae4a97def60fba77
	EndGlobalSection
	GlobalSection(ExtensibilityGlobals) = postSolution
		SolutionGuid = {DEECBE71-2E4E-47E8-9A17-CD576C17DC79}
	EndGlobalSection
EndGlobal
