Microsoft Visual Studio Solution File, Format Version 12.00
# Visual Studio Version 17
VisualStudioVersion = 17.5.2.0
MinimumVisualStudioVersion = 10.0.40219.1
Project("{FAE04EC0-301F-11D3-BF4B-00C04F79EFBC}") = "LoanSystem", "LoanSystem.csproj", "{522D76EF-FA83-00E4-B75B-30C299DC6665}"
EndProject
Global
	GlobalSection(SolutionConfigurationPlatforms) = preSolution
		Debug|Any CPU = Debug|Any CPU
		Release|Any CPU = Release|Any CPU
	EndGlobalSection
	GlobalSection(ProjectConfigurationPlatforms) = postSolution
		{522D76EF-FA83-00E4-B75B-30C299DC6665}.Debug|Any CPU.ActiveCfg = Debug|Any CPU
		{522D76EF-FA83-00E4-B75B-30C299DC6665}.Debug|Any CPU.Build.0 = Debug|Any CPU
		{522D76EF-FA83-00E4-B75B-30C299DC6665}.Release|Any CPU.ActiveCfg = Release|Any CPU
		{522D76EF-FA83-00E4-B75B-30C299DC6665}.Release|Any CPU.Build.0 = Release|Any CPU
	EndGlobalSection
	GlobalSection(SolutionProperties) = preSolution
		HideSolutionNode = FALSE
	EndGlobalSection
	GlobalSection(ExtensibilityGlobals) = postSolution
		SolutionGuid = {DEECBE71-2E4E-47E8-9A17-CD576C17DC79}
	EndGlobalSection
EndGlobal
